
Microsoft Visual Studio Solution File, Format Version 12.00
# Visual Studio Version 16
VisualStudioVersion = 16.0.32407.337
MinimumVisualStudioVersion = 10.0.40219.1
Project("{FAE04EC0-301F-11D3-BF4B-00C04F79EFBC}") = "MadrasahSMS", "MadrasahSMS\MadrasahSMS.csproj", "{ACAB1D6C-F581-4B94-8C13-C2AEA26D373B}"
EndProject
Global
	GlobalSection(SolutionConfigurationPlatforms) = preSolution
		Debug|Any CPU = Debug|Any CPU
		Release|Any CPU = Release|Any CPU
	EndGlobalSection
	GlobalSection(ProjectConfigurationPlatforms) = postSolution
		{ACAB1D6C-F581-4B94-8C13-C2AEA26D373B}.Debug|Any CPU.ActiveCfg = Debug|Any CPU
		{ACAB1D6C-F581-4B94-8C13-C2AEA26D373B}.Debug|Any CPU.Build.0 = Debug|Any CPU
		{ACAB1D6C-F581-4B94-8C13-C2AEA26D373B}.Release|Any CPU.ActiveCfg = Release|Any CPU
		{ACAB1D6C-F581-4B94-8C13-C2AEA26D373B}.Release|Any CPU.Build.0 = Release|Any CPU
	EndGlobalSection
	GlobalSection(SolutionProperties) = preSolution
		HideSolutionNode = FALSE
	EndGlobalSection
	GlobalSection(ExtensibilityGlobals) = postSolution
		SolutionGuid = {09E9E40C-ECB0-4D10-A0E4-A83590A205D5}
	EndGlobalSection
EndGlobal
